
Microsoft Visual Studio Solution File, Format Version 12.00
# Visual Studio Version 17
VisualStudioVersion = 17.4.33213.308
MinimumVisualStudioVersion = 10.0.40219.1
Project("{8BC9CEB8-8B4A-11D0-8D11-00A0C91BC942}") = "Project4", "Project4.vcxproj", "{027E8F5A-042F-4DC3-84F9-577CB57E00AB}"
EndProject
Global
	GlobalSection(SolutionConfigurationPlatforms) = preSolution
		Debug|x64 = Debug|x64
		Debug|x86 = Debug|x86
		Release|x64 = Release|x64
		Release|x86 = Release|x86
	EndGlobalSection
	GlobalSection(ProjectConfigurationPlatforms) = postSolution
		{027E8F5A-042F-4DC3-84F9-577CB57E00AB}.Debug|x64.ActiveCfg = Debug|x64
		{027E8F5A-042F-4DC3-84F9-577CB57E00AB}.Debug|x64.Build.0 = Debug|x64
		{027E8F5A-042F-4DC3-84F9-577CB57E00AB}.Debug|x86.ActiveCfg = Debug|Win32
		{027E8F5A-042F-4DC3-84F9-577CB57E00AB}.Debug|x86.Build.0 = Debug|Win32
		{027E8F5A-042F-4DC3-84F9-577CB57E00AB}.Release|x64.ActiveCfg = Release|x64
		{027E8F5A-042F-4DC3-84F9-577CB57E00AB}.Release|x64.Build.0 = Release|x64
		{027E8F5A-042F-4DC3-84F9-577CB57E00AB}.Release|x86.ActiveCfg = Release|Win32
		{027E8F5A-042F-4DC3-84F9-577CB57E00AB}.Release|x86.Build.0 = Release|Win32
	EndGlobalSection
	GlobalSection(SolutionProperties) = preSolution
		HideSolutionNode = FALSE
	EndGlobalSection
	GlobalSection(ExtensibilityGlobals) = postSolution
		SolutionGuid = {B1AEFD54-371D-4D35-8175-25EFEF562D7F}
	EndGlobalSection
EndGlobal
